dependencies:
  espressif/cmake_utilities:
    component_hash: 351350613ceafba240b761b4ea991e0f231ac7a9f59a9ee901f751bddc0bb18f
    dependencies:
    - name: idf
      require: private
      version: '>=4.1'
    source:
      registry_url: https://components.espressif.com
      type: service
    version: 0.5.3
  espressif/mdns:
    component_hash: 3ec0af5f6bce310512e90f482388d21cc7c0e99668172d2f895356165fc6f7c5
    dependencies:
    - name: idf
      require: private
      version: '>=5.0'
    source:
      registry_url: https://components.espressif.com/
      type: service
    version: 1.8.2
  idf:
    source:
      type: idf
    version: 5.4.1
  jack-ingithub/aht20:
    component_hash: a920995922e89025634182eeeaf74a4c54a27c3052623be6fad7a9cf1c5ecb9b
    dependencies:
    - name: espressif/cmake_utilities
      registry_url: https://components.espressif.com
      require: private
      version: 0.*
    - name: idf
      require: private
      version: '>=4.3'
    source:
      registry_url: https://components.espressif.com/
      type: service
    targets:
    - esp32
    - esp32c2
    - esp32c3
    - esp32c6
    - esp32h2
    - esp32s2
    - esp32s3
    version: 0.1.1
  k0i05/esp_bmp390:
    component_hash: 798347f51b3a1521ec30846ec9fa0fa978af77990278a510e4ee56ff392547f5
    dependencies:
    - name: idf
      require: private
      version: '>5.3.0'
    - name: k0i05/esp_type_utils
      registry_url: https://components.espressif.com
      require: private
      version: '>=0.0.1'
    source:
      registry_url: https://components.espressif.com/
      type: service
    targets:
    - esp32
    - esp32s3
    version: 1.2.5
  k0i05/esp_type_utils:
    component_hash: dfe2feb2117ee060c085ec166b56cfd9d66cef4019216bf8722e45e43a3b562f
    dependencies:
    - name: idf
      require: private
      version: '>5.3.0'
    source:
      registry_url: https://components.espressif.com
      type: service
    targets:
    - esp32
    - esp32s3
    version: 1.2.5
  protocol_examples_common:
    dependencies: []
    source:
      path: /home/roger/src/esp32/esp-idf/examples/common_components/protocol_examples_common
      type: local
    version: '*'
direct_dependencies:
- espressif/mdns
- idf
- jack-ingithub/aht20
- k0i05/esp_bmp390
- protocol_examples_common
manifest_hash: 078cfdb39741dd6a83fb0bfa2d8fdb0677ac5c18515c06b9e304efe9d3e93a1d
target: esp32s3
version: 2.0.0
